<?xml version="1.0" encoding="UTF-8"?>
<!DOCTYPE plist PUBLIC "-//Apple//DTD PLIST 1.0//EN" "http://www.apple.com/DTDs/PropertyList-1.0.dtd">
<plist version="1.0">
<dict>
	<key>archiveVersion</key>
	<string>1</string>
	<key>classes</key>
	<dict/>
	<key>objectVersion</key>
	<string>46</string>
	<key>objects</key>
	<dict>
		<key>0401715D1D15219A000D1153</key>
		<dict>
			<key>children</key>
			<array>
				<string>040171681D15219A000D1153</string>
				<string>040171851D15219A000D1153</string>
				<string>040171901D15219A000D1153</string>
				<string>040171671D15219A000D1153</string>
				<string>B7FD28E9B2C4CD45E35AEA49</string>
				<string>9D9457E8BCE80E7038E2999A</string>
			</array>
			<key>isa</key>
			<string>PBXGroup</string>
			<key>sourceTree</key>
			<string>&lt;group&gt;</string>
		</dict>
		<key>0401715E1D15219A000D1153</key>
		<dict>
			<key>attributes</key>
			<dict>
				<key>LastUpgradeCheck</key>
				<string>0730</string>
				<key>ORGANIZATIONNAME</key>
				<string>Girijesh</string>
				<key>TargetAttributes</key>
				<dict>
					<key>040171651D15219A000D1153</key>
					<dict>
						<key>CreatedOnToolsVersion</key>
						<string>7.3</string>
						<key>SystemCapabilities</key>
						<dict>
							<key>com.apple.BackgroundModes</key>
							<dict>
								<key>enabled</key>
								<string>1</string>
							</dict>
						</dict>
					</dict>
					<key>040171811D15219A000D1153</key>
					<dict>
						<key>CreatedOnToolsVersion</key>
						<string>7.3</string>
						<key>TestTargetID</key>
						<string>040171651D15219A000D1153</string>
					</dict>
					<key>0401718C1D15219A000D1153</key>
					<dict>
						<key>CreatedOnToolsVersion</key>
						<string>7.3</string>
						<key>TestTargetID</key>
						<string>040171651D15219A000D1153</string>
					</dict>
				</dict>
			</dict>
			<key>buildConfigurationList</key>
			<string>040171611D15219A000D1153</string>
			<key>compatibilityVersion</key>
			<string>Xcode 3.2</string>
			<key>developmentRegion</key>
			<string>English</string>
			<key>hasScannedForEncodings</key>
			<string>0</string>
			<key>isa</key>
			<string>PBXProject</string>
			<key>knownRegions</key>
			<array>
				<string>en</string>
				<string>Base</string>
			</array>
			<key>mainGroup</key>
			<string>0401715D1D15219A000D1153</string>
			<key>productRefGroup</key>
			<string>040171671D15219A000D1153</string>
			<key>projectDirPath</key>
			<string></string>
			<key>projectReferences</key>
			<array/>
			<key>projectRoot</key>
			<string></string>
			<key>targets</key>
			<array>
				<string>040171651D15219A000D1153</string>
				<string>040171811D15219A000D1153</string>
				<string>0401718C1D15219A000D1153</string>
			</array>
		</dict>
		<key>040171611D15219A000D1153</key>
		<dict>
			<key>buildConfigurations</key>
			<array>
				<string>040171941D15219A000D1153</string>
				<string>040171951D15219A000D1153</string>
			</array>
			<key>defaultConfigurationIsVisible</key>
			<string>0</string>
			<key>defaultConfigurationName</key>
			<string>Release</string>
			<key>isa</key>
			<string>XCConfigurationList</string>
		</dict>
		<key>040171621D15219A000D1153</key>
		<dict>
			<key>buildActionMask</key>
			<string>2147483647</string>
			<key>files</key>
			<array>
				<string>04F8FA961D1526E400C16F30</string>
				<string>04F8FA9F1D15423700C16F30</string>
				<string>04F8FAAF1D15492A00C16F30</string>
				<string>04F8FA991D15274C00C16F30</string>
				<string>04F8FAA71D15451000C16F30</string>
				<string>040171771D15219A000D1153</string>
				<string>04F8FABE1D155CBE00C16F30</string>
				<string>04F8FAC01D155CBE00C16F30</string>
				<string>04F8FA9C1D15276000C16F30</string>
				<string>04F8FA861D1526A300C16F30</string>
				<string>0401716E1D15219A000D1153</string>
				<string>04F8FA871D1526A300C16F30</string>
				<string>04F8FAA21D15425000C16F30</string>
				<string>0485D9AE1D3576DE007B082D</string>
				<string>04F8FAA81D15451000C16F30</string>
				<string>0401716B1D15219A000D1153</string>
				<string>04F8FAC11D155CBE00C16F30</string>
				<string>04F8FAB41D154B6D00C16F30</string>
				<string>042677EA1D1E699F0035FA71</string>
			</array>
			<key>isa</key>
			<string>PBXSourcesBuildPhase</string>
			<key>runOnlyForDeploymentPostprocessing</key>
			<string>0</string>
		</dict>
		<key>040171631D15219A000D1153</key>
		<dict>
			<key>buildActionMask</key>
			<string>2147483647</string>
			<key>files</key>
			<array>
				<string>27D2E5D0E13C95BCFEBB7197</string>
			</array>
			<key>isa</key>
			<string>PBXFrameworksBuildPhase</string>
			<key>runOnlyForDeploymentPostprocessing</key>
			<string>0</string>
		</dict>
		<key>040171641D15219A000D1153</key>
		<dict>
			<key>buildActionMask</key>
			<string>2147483647</string>
			<key>files</key>
			<array>
				<string>0401717C1D15219A000D1153</string>
				<string>040171791D15219A000D1153</string>
				<string>040171741D15219A000D1153</string>
				<string>04F8FAB01D15492A00C16F30</string>
				<string>04F8FA881D1526A300C16F30</string>
			</array>
			<key>isa</key>
			<string>PBXResourcesBuildPhase</string>
			<key>runOnlyForDeploymentPostprocessing</key>
			<string>0</string>
		</dict>
		<key>040171651D15219A000D1153</key>
		<dict>
			<key>buildConfigurationList</key>
			<string>040171961D15219A000D1153</string>
			<key>buildPhases</key>
			<array>
				<string>B55E8EF6F783F9E8928E3E47</string>
				<string>040171621D15219A000D1153</string>
				<string>040171631D15219A000D1153</string>
				<string>040171641D15219A000D1153</string>
				<string>63F08194B730FE0ECF6ABC22</string>
				<string>B7DC69211856254E1F9A92BC</string>
			</array>
			<key>buildRules</key>
			<array/>
			<key>dependencies</key>
			<array/>
			<key>isa</key>
			<string>PBXNativeTarget</string>
			<key>name</key>
			<string>GTMMap</string>
			<key>productName</key>
			<string>GTMMap</string>
			<key>productReference</key>
			<string>040171661D15219A000D1153</string>
			<key>productType</key>
			<string>com.apple.product-type.application</string>
		</dict>
		<key>040171661D15219A000D1153</key>
		<dict>
			<key>explicitFileType</key>
			<string>wrapper.application</string>
			<key>includeInIndex</key>
			<string>0</string>
			<key>isa</key>
			<string>PBXFileReference</string>
			<key>path</key>
			<string>GTMMap.app</string>
			<key>sourceTree</key>
			<string>BUILT_PRODUCTS_DIR</string>
		</dict>
		<key>040171671D15219A000D1153</key>
		<dict>
			<key>children</key>
			<array>
				<string>040171661D15219A000D1153</string>
				<string>040171821D15219A000D1153</string>
				<string>0401718D1D15219A000D1153</string>
			</array>
			<key>isa</key>
			<string>PBXGroup</string>
			<key>name</key>
			<string>Products</string>
			<key>sourceTree</key>
			<string>&lt;group&gt;</string>
		</dict>
		<key>040171681D15219A000D1153</key>
		<dict>
			<key>children</key>
			<array>
				<string>04F8FA5F1D1526A200C16F30</string>
				<string>04F8FA601D1526A200C16F30</string>
				<string>04F8FA841D1526A300C16F30</string>
				<string>04F8FA851D1526A300C16F30</string>
				<string>0401716C1D15219A000D1153</string>
				<string>0401716D1D15219A000D1153</string>
				<string>04F8FA941D1526E400C16F30</string>
				<string>04F8FA951D1526E400C16F30</string>
				<string>040171721D15219A000D1153</string>
				<string>040171781D15219A000D1153</string>
				<string>0401717A1D15219A000D1153</string>
				<string>0401717D1D15219A000D1153</string>
				<string>040171691D15219A000D1153</string>
			</array>
			<key>isa</key>
			<string>PBXGroup</string>
			<key>path</key>
			<string>GTMMap</string>
			<key>sourceTree</key>
			<string>&lt;group&gt;</string>
		</dict>
		<key>040171691D15219A000D1153</key>
		<dict>
			<key>children</key>
			<array>
				<string>0401716A1D15219A000D1153</string>
			</array>
			<key>isa</key>
			<string>PBXGroup</string>
			<key>name</key>
			<string>Supporting Files</string>
			<key>sourceTree</key>
			<string>&lt;group&gt;</string>
		</dict>
		<key>0401716A1D15219A000D1153</key>
		<dict>
			<key>isa</key>
			<string>PBXFileReference</string>
			<key>lastKnownFileType</key>
			<string>sourcecode.c.objc</string>
			<key>path</key>
			<string>main.m</string>
			<key>sourceTree</key>
			<string>&lt;group&gt;</string>
		</dict>
		<key>0401716B1D15219A000D1153</key>
		<dict>
			<key>fileRef</key>
			<string>0401716A1D15219A000D1153</string>
			<key>isa</key>
			<string>PBXBuildFile</string>
		</dict>
		<key>0401716C1D15219A000D1153</key>
		<dict>
			<key>isa</key>
			<string>PBXFileReference</string>
			<key>lastKnownFileType</key>
			<string>sourcecode.c.h</string>
			<key>path</key>
			<string>AppDelegate.h</string>
			<key>sourceTree</key>
			<string>&lt;group&gt;</string>
		</dict>
		<key>0401716D1D15219A000D1153</key>
		<dict>
			<key>isa</key>
			<string>PBXFileReference</string>
			<key>lastKnownFileType</key>
			<string>sourcecode.c.objc</string>
			<key>path</key>
			<string>AppDelegate.m</string>
			<key>sourceTree</key>
			<string>&lt;group&gt;</string>
		</dict>
		<key>0401716E1D15219A000D1153</key>
		<dict>
			<key>fileRef</key>
			<string>0401716D1D15219A000D1153</string>
			<key>isa</key>
			<string>PBXBuildFile</string>
		</dict>
		<key>040171721D15219A000D1153</key>
		<dict>
			<key>children</key>
			<array>
				<string>040171731D15219A000D1153</string>
			</array>
			<key>isa</key>
			<string>PBXVariantGroup</string>
			<key>name</key>
			<string>Main.storyboard</string>
			<key>sourceTree</key>
			<string>&lt;group&gt;</string>
		</dict>
		<key>040171731D15219A000D1153</key>
		<dict>
			<key>isa</key>
			<string>PBXFileReference</string>
			<key>lastKnownFileType</key>
			<string>file.storyboard</string>
			<key>name</key>
			<string>Base</string>
			<key>path</key>
			<string>Base.lproj/Main.storyboard</string>
			<key>sourceTree</key>
			<string>&lt;group&gt;</string>
		</dict>
		<key>040171741D15219A000D1153</key>
		<dict>
			<key>fileRef</key>
			<string>040171721D15219A000D1153</string>
			<key>isa</key>
			<string>PBXBuildFile</string>
		</dict>
		<key>040171751D15219A000D1153</key>
		<dict>
			<key>children</key>
			<array>
				<string>040171761D15219A000D1153</string>
			</array>
			<key>currentVersion</key>
			<string>040171761D15219A000D1153</string>
			<key>isa</key>
			<string>XCVersionGroup</string>
			<key>name</key>
			<string>GTMMap.xcdatamodeld</string>
			<key>path</key>
			<string>../GTMMap.xcdatamodeld</string>
			<key>sourceTree</key>
			<string>&lt;group&gt;</string>
			<key>versionGroupType</key>
			<string>wrapper.xcdatamodel</string>
		</dict>
		<key>040171761D15219A000D1153</key>
		<dict>
			<key>isa</key>
			<string>PBXFileReference</string>
			<key>lastKnownFileType</key>
			<string>wrapper.xcdatamodel</string>
			<key>path</key>
			<string>GTMMap.xcdatamodel</string>
			<key>sourceTree</key>
			<string>&lt;group&gt;</string>
		</dict>
		<key>040171771D15219A000D1153</key>
		<dict>
			<key>fileRef</key>
			<string>040171751D15219A000D1153</string>
			<key>isa</key>
			<string>PBXBuildFile</string>
		</dict>
		<key>040171781D15219A000D1153</key>
		<dict>
			<key>isa</key>
			<string>PBXFileReference</string>
			<key>lastKnownFileType</key>
			<string>folder.assetcatalog</string>
			<key>path</key>
			<string>Assets.xcassets</string>
			<key>sourceTree</key>
			<string>&lt;group&gt;</string>
		</dict>
		<key>040171791D15219A000D1153</key>
		<dict>
			<key>fileRef</key>
			<string>040171781D15219A000D1153</string>
			<key>isa</key>
			<string>PBXBuildFile</string>
		</dict>
		<key>0401717A1D15219A000D1153</key>
		<dict>
			<key>children</key>
			<array>
				<string>0401717B1D15219A000D1153</string>
			</array>
			<key>isa</key>
			<string>PBXVariantGroup</string>
			<key>name</key>
			<string>LaunchScreen.storyboard</string>
			<key>sourceTree</key>
			<string>&lt;group&gt;</string>
		</dict>
		<key>0401717B1D15219A000D1153</key>
		<dict>
			<key>isa</key>
			<string>PBXFileReference</string>
			<key>lastKnownFileType</key>
			<string>file.storyboard</string>
			<key>name</key>
			<string>Base</string>
			<key>path</key>
			<string>Base.lproj/LaunchScreen.storyboard</string>
			<key>sourceTree</key>
			<string>&lt;group&gt;</string>
		</dict>
		<key>0401717C1D15219A000D1153</key>
		<dict>
			<key>fileRef</key>
			<string>0401717A1D15219A000D1153</string>
			<key>isa</key>
			<string>PBXBuildFile</string>
		</dict>
		<key>0401717D1D15219A000D1153</key>
		<dict>
			<key>isa</key>
			<string>PBXFileReference</string>
			<key>lastKnownFileType</key>
			<string>text.plist.xml</string>
			<key>path</key>
			<string>Info.plist</string>
			<key>sourceTree</key>
			<string>&lt;group&gt;</string>
		</dict>
		<key>0401717E1D15219A000D1153</key>
		<dict>
			<key>buildActionMask</key>
			<string>2147483647</string>
			<key>files</key>
			<array>
				<string>040171871D15219A000D1153</string>
			</array>
			<key>isa</key>
			<string>PBXSourcesBuildPhase</string>
			<key>runOnlyForDeploymentPostprocessing</key>
			<string>0</string>
		</dict>
		<key>0401717F1D15219A000D1153</key>
		<dict>
			<key>buildActionMask</key>
			<string>2147483647</string>
			<key>files</key>
			<array/>
			<key>isa</key>
			<string>PBXFrameworksBuildPhase</string>
			<key>runOnlyForDeploymentPostprocessing</key>
			<string>0</string>
		</dict>
		<key>040171801D15219A000D1153</key>
		<dict>
			<key>buildActionMask</key>
			<string>2147483647</string>
			<key>files</key>
			<array/>
			<key>isa</key>
			<string>PBXResourcesBuildPhase</string>
			<key>runOnlyForDeploymentPostprocessing</key>
			<string>0</string>
		</dict>
		<key>040171811D15219A000D1153</key>
		<dict>
			<key>buildConfigurationList</key>
			<string>040171991D15219A000D1153</string>
			<key>buildPhases</key>
			<array>
				<string>0401717E1D15219A000D1153</string>
				<string>0401717F1D15219A000D1153</string>
				<string>040171801D15219A000D1153</string>
			</array>
			<key>buildRules</key>
			<array/>
			<key>dependencies</key>
			<array>
				<string>040171841D15219A000D1153</string>
			</array>
			<key>isa</key>
			<string>PBXNativeTarget</string>
			<key>name</key>
			<string>GTMMapTests</string>
			<key>productName</key>
			<string>GTMMapTests</string>
			<key>productReference</key>
			<string>040171821D15219A000D1153</string>
			<key>productType</key>
			<string>com.apple.product-type.bundle.unit-test</string>
		</dict>
		<key>040171821D15219A000D1153</key>
		<dict>
			<key>explicitFileType</key>
			<string>wrapper.cfbundle</string>
			<key>includeInIndex</key>
			<string>0</string>
			<key>isa</key>
			<string>PBXFileReference</string>
			<key>path</key>
			<string>GTMMapTests.xctest</string>
			<key>sourceTree</key>
			<string>BUILT_PRODUCTS_DIR</string>
		</dict>
		<key>040171831D15219A000D1153</key>
		<dict>
			<key>containerPortal</key>
			<string>0401715E1D15219A000D1153</string>
			<key>isa</key>
			<string>PBXContainerItemProxy</string>
			<key>proxyType</key>
			<string>1</string>
			<key>remoteGlobalIDString</key>
			<string>040171651D15219A000D1153</string>
			<key>remoteInfo</key>
			<string>GTMMap</string>
		</dict>
		<key>040171841D15219A000D1153</key>
		<dict>
			<key>isa</key>
			<string>PBXTargetDependency</string>
			<key>target</key>
			<string>040171651D15219A000D1153</string>
			<key>targetProxy</key>
			<string>040171831D15219A000D1153</string>
		</dict>
		<key>040171851D15219A000D1153</key>
		<dict>
			<key>children</key>
			<array>
				<string>040171861D15219A000D1153</string>
				<string>040171881D15219A000D1153</string>
			</array>
			<key>isa</key>
			<string>PBXGroup</string>
			<key>path</key>
			<string>GTMMapTests</string>
			<key>sourceTree</key>
			<string>&lt;group&gt;</string>
		</dict>
		<key>040171861D15219A000D1153</key>
		<dict>
			<key>isa</key>
			<string>PBXFileReference</string>
			<key>lastKnownFileType</key>
			<string>sourcecode.c.objc</string>
			<key>path</key>
			<string>GTMMapTests.m</string>
			<key>sourceTree</key>
			<string>&lt;group&gt;</string>
		</dict>
		<key>040171871D15219A000D1153</key>
		<dict>
			<key>fileRef</key>
			<string>040171861D15219A000D1153</string>
			<key>isa</key>
			<string>PBXBuildFile</string>
		</dict>
		<key>040171881D15219A000D1153</key>
		<dict>
			<key>isa</key>
			<string>PBXFileReference</string>
			<key>lastKnownFileType</key>
			<string>text.plist.xml</string>
			<key>path</key>
			<string>Info.plist</string>
			<key>sourceTree</key>
			<string>&lt;group&gt;</string>
		</dict>
		<key>040171891D15219A000D1153</key>
		<dict>
			<key>buildActionMask</key>
			<string>2147483647</string>
			<key>files</key>
			<array>
				<string>040171921D15219A000D1153</string>
			</array>
			<key>isa</key>
			<string>PBXSourcesBuildPhase</string>
			<key>runOnlyForDeploymentPostprocessing</key>
			<string>0</string>
		</dict>
		<key>0401718A1D15219A000D1153</key>
		<dict>
			<key>buildActionMask</key>
			<string>2147483647</string>
			<key>files</key>
			<array/>
			<key>isa</key>
			<string>PBXFrameworksBuildPhase</string>
			<key>runOnlyForDeploymentPostprocessing</key>
			<string>0</string>
		</dict>
		<key>0401718B1D15219A000D1153</key>
		<dict>
			<key>buildActionMask</key>
			<string>2147483647</string>
			<key>files</key>
			<array/>
			<key>isa</key>
			<string>PBXResourcesBuildPhase</string>
			<key>runOnlyForDeploymentPostprocessing</key>
			<string>0</string>
		</dict>
		<key>0401718C1D15219A000D1153</key>
		<dict>
			<key>buildConfigurationList</key>
			<string>0401719C1D15219A000D1153</string>
			<key>buildPhases</key>
			<array>
				<string>040171891D15219A000D1153</string>
				<string>0401718A1D15219A000D1153</string>
				<string>0401718B1D15219A000D1153</string>
			</array>
			<key>buildRules</key>
			<array/>
			<key>dependencies</key>
			<array>
				<string>0401718F1D15219A000D1153</string>
			</array>
			<key>isa</key>
			<string>PBXNativeTarget</string>
			<key>name</key>
			<string>GTMMapUITests</string>
			<key>productName</key>
			<string>GTMMapUITests</string>
			<key>productReference</key>
			<string>0401718D1D15219A000D1153</string>
			<key>productType</key>
			<string>com.apple.product-type.bundle.ui-testing</string>
		</dict>
		<key>0401718D1D15219A000D1153</key>
		<dict>
			<key>explicitFileType</key>
			<string>wrapper.cfbundle</string>
			<key>includeInIndex</key>
			<string>0</string>
			<key>isa</key>
			<string>PBXFileReference</string>
			<key>path</key>
			<string>GTMMapUITests.xctest</string>
			<key>sourceTree</key>
			<string>BUILT_PRODUCTS_DIR</string>
		</dict>
		<key>0401718E1D15219A000D1153</key>
		<dict>
			<key>containerPortal</key>
			<string>0401715E1D15219A000D1153</string>
			<key>isa</key>
			<string>PBXContainerItemProxy</string>
			<key>proxyType</key>
			<string>1</string>
			<key>remoteGlobalIDString</key>
			<string>040171651D15219A000D1153</string>
			<key>remoteInfo</key>
			<string>GTMMap</string>
		</dict>
		<key>0401718F1D15219A000D1153</key>
		<dict>
			<key>isa</key>
			<string>PBXTargetDependency</string>
			<key>target</key>
			<string>040171651D15219A000D1153</string>
			<key>targetProxy</key>
			<string>0401718E1D15219A000D1153</string>
		</dict>
		<key>040171901D15219A000D1153</key>
		<dict>
			<key>children</key>
			<array>
				<string>040171911D15219A000D1153</string>
				<string>040171931D15219A000D1153</string>
			</array>
			<key>isa</key>
			<string>PBXGroup</string>
			<key>path</key>
			<string>GTMMapUITests</string>
			<key>sourceTree</key>
			<string>&lt;group&gt;</string>
		</dict>
		<key>040171911D15219A000D1153</key>
		<dict>
			<key>isa</key>
			<string>PBXFileReference</string>
			<key>lastKnownFileType</key>
			<string>sourcecode.c.objc</string>
			<key>path</key>
			<string>GTMMapUITests.m</string>
			<key>sourceTree</key>
			<string>&lt;group&gt;</string>
		</dict>
		<key>040171921D15219A000D1153</key>
		<dict>
			<key>fileRef</key>
			<string>040171911D15219A000D1153</string>
			<key>isa</key>
			<string>PBXBuildFile</string>
		</dict>
		<key>040171931D15219A000D1153</key>
		<dict>
			<key>isa</key>
			<string>PBXFileReference</string>
			<key>lastKnownFileType</key>
			<string>text.plist.xml</string>
			<key>path</key>
			<string>Info.plist</string>
			<key>sourceTree</key>
			<string>&lt;group&gt;</string>
		</dict>
		<key>040171941D15219A000D1153</key>
		<dict>
			<key>buildSettings</key>
			<dict>
				<key>ALWAYS_SEARCH_USER_PATHS</key>
				<string>NO</string>
				<key>CLANG_ANALYZER_NONNULL</key>
				<string>YES</string>
				<key>CLANG_CXX_LANGUAGE_STANDARD</key>
				<string>gnu++0x</string>
				<key>CLANG_CXX_LIBRARY</key>
				<string>libc++</string>
				<key>CLANG_ENABLE_MODULES</key>
				<string>YES</string>
				<key>CLANG_ENABLE_OBJC_ARC</key>
				<string>YES</string>
				<key>CLANG_WARN_BOOL_CONVERSION</key>
				<string>YES</string>
				<key>CLANG_WARN_CONSTANT_CONVERSION</key>
				<string>YES</string>
				<key>CLANG_WARN_DIRECT_OBJC_ISA_USAGE</key>
				<string>YES_ERROR</string>
				<key>CLANG_WARN_EMPTY_BODY</key>
				<string>YES</string>
				<key>CLANG_WARN_ENUM_CONVERSION</key>
				<string>YES</string>
				<key>CLANG_WARN_INT_CONVERSION</key>
				<string>YES</string>
				<key>CLANG_WARN_OBJC_ROOT_CLASS</key>
				<string>YES_ERROR</string>
				<key>CLANG_WARN_UNREACHABLE_CODE</key>
				<string>YES</string>
				<key>CLANG_WARN__DUPLICATE_METHOD_MATCH</key>
				<string>YES</string>
				<key>CODE_SIGN_IDENTITY[sdk=iphoneos*]</key>
				<string>iPhone Developer</string>
				<key>COPY_PHASE_STRIP</key>
				<string>NO</string>
				<key>DEBUG_INFORMATION_FORMAT</key>
				<string>dwarf</string>
				<key>ENABLE_STRICT_OBJC_MSGSEND</key>
				<string>YES</string>
				<key>ENABLE_TESTABILITY</key>
				<string>YES</string>
				<key>GCC_C_LANGUAGE_STANDARD</key>
				<string>gnu99</string>
				<key>GCC_DYNAMIC_NO_PIC</key>
				<string>NO</string>
				<key>GCC_NO_COMMON_BLOCKS</key>
				<string>YES</string>
				<key>GCC_OPTIMIZATION_LEVEL</key>
				<string>0</string>
				<key>GCC_PREPROCESSOR_DEFINITIONS</key>
				<array>
					<string>DEBUG=1</string>
					<string>$(inherited)</string>
				</array>
				<key>GCC_WARN_64_TO_32_BIT_CONVERSION</key>
				<string>YES</string>
				<key>GCC_WARN_ABOUT_RETURN_TYPE</key>
				<string>YES_ERROR</string>
				<key>GCC_WARN_UNDECLARED_SELECTOR</key>
				<string>YES</string>
				<key>GCC_WARN_UNINITIALIZED_AUTOS</key>
				<string>YES_AGGRESSIVE</string>
				<key>GCC_WARN_UNUSED_FUNCTION</key>
				<string>YES</string>
				<key>GCC_WARN_UNUSED_VARIABLE</key>
				<string>YES</string>
				<key>IPHONEOS_DEPLOYMENT_TARGET</key>
				<string>9.3</string>
				<key>MTL_ENABLE_DEBUG_INFO</key>
				<string>YES</string>
				<key>ONLY_ACTIVE_ARCH</key>
				<string>YES</string>
				<key>SDKROOT</key>
				<string>iphoneos</string>
				<key>TARGETED_DEVICE_FAMILY</key>
				<string>1,2</string>
			</dict>
			<key>isa</key>
			<string>XCBuildConfiguration</string>
			<key>name</key>
			<string>Debug</string>
		</dict>
		<key>040171951D15219A000D1153</key>
		<dict>
			<key>buildSettings</key>
			<dict>
				<key>ALWAYS_SEARCH_USER_PATHS</key>
				<string>NO</string>
				<key>CLANG_ANALYZER_NONNULL</key>
				<string>YES</string>
				<key>CLANG_CXX_LANGUAGE_STANDARD</key>
				<string>gnu++0x</string>
				<key>CLANG_CXX_LIBRARY</key>
				<string>libc++</string>
				<key>CLANG_ENABLE_MODULES</key>
				<string>YES</string>
				<key>CLANG_ENABLE_OBJC_ARC</key>
				<string>YES</string>
				<key>CLANG_WARN_BOOL_CONVERSION</key>
				<string>YES</string>
				<key>CLANG_WARN_CONSTANT_CONVERSION</key>
				<string>YES</string>
				<key>CLANG_WARN_DIRECT_OBJC_ISA_USAGE</key>
				<string>YES_ERROR</string>
				<key>CLANG_WARN_EMPTY_BODY</key>
				<string>YES</string>
				<key>CLANG_WARN_ENUM_CONVERSION</key>
				<string>YES</string>
				<key>CLANG_WARN_INT_CONVERSION</key>
				<string>YES</string>
				<key>CLANG_WARN_OBJC_ROOT_CLASS</key>
				<string>YES_ERROR</string>
				<key>CLANG_WARN_UNREACHABLE_CODE</key>
				<string>YES</string>
				<key>CLANG_WARN__DUPLICATE_METHOD_MATCH</key>
				<string>YES</string>
				<key>CODE_SIGN_IDENTITY[sdk=iphoneos*]</key>
				<string>iPhone Developer</string>
				<key>COPY_PHASE_STRIP</key>
				<string>NO</string>
				<key>DEBUG_INFORMATION_FORMAT</key>
				<string>dwarf-with-dsym</string>
				<key>ENABLE_NS_ASSERTIONS</key>
				<string>NO</string>
				<key>ENABLE_STRICT_OBJC_MSGSEND</key>
				<string>YES</string>
				<key>GCC_C_LANGUAGE_STANDARD</key>
				<string>gnu99</string>
				<key>GCC_NO_COMMON_BLOCKS</key>
				<string>YES</string>
				<key>GCC_WARN_64_TO_32_BIT_CONVERSION</key>
				<string>YES</string>
				<key>GCC_WARN_ABOUT_RETURN_TYPE</key>
				<string>YES_ERROR</string>
				<key>GCC_WARN_UNDECLARED_SELECTOR</key>
				<string>YES</string>
				<key>GCC_WARN_UNINITIALIZED_AUTOS</key>
				<string>YES_AGGRESSIVE</string>
				<key>GCC_WARN_UNUSED_FUNCTION</key>
				<string>YES</string>
				<key>GCC_WARN_UNUSED_VARIABLE</key>
				<string>YES</string>
				<key>IPHONEOS_DEPLOYMENT_TARGET</key>
				<string>9.3</string>
				<key>MTL_ENABLE_DEBUG_INFO</key>
				<string>NO</string>
				<key>SDKROOT</key>
				<string>iphoneos</string>
				<key>TARGETED_DEVICE_FAMILY</key>
				<string>1,2</string>
				<key>VALIDATE_PRODUCT</key>
				<string>YES</string>
			</dict>
			<key>isa</key>
			<string>XCBuildConfiguration</string>
			<key>name</key>
			<string>Release</string>
		</dict>
		<key>040171961D15219A000D1153</key>
		<dict>
			<key>buildConfigurations</key>
			<array>
				<string>040171971D15219A000D1153</string>
				<string>040171981D15219A000D1153</string>
			</array>
			<key>defaultConfigurationIsVisible</key>
			<string>0</string>
			<key>defaultConfigurationName</key>
			<string>Release</string>
			<key>isa</key>
			<string>XCConfigurationList</string>
		</dict>
		<key>040171971D15219A000D1153</key>
		<dict>
			<key>baseConfigurationReference</key>
			<string>DFC98A05683856F7324E9030</string>
			<key>buildSettings</key>
			<dict>
				<key>ASSETCATALOG_COMPILER_APPICON_NAME</key>
				<string>AppIcon</string>
				<key>CODE_SIGN_IDENTITY</key>
				<string>iPhone Distribution: Green Trails Inc. (5NCYZ8B6WG)</string>
				<key>INFOPLIST_FILE</key>
				<string>GTMMap/Info.plist</string>
				<key>LD_RUNPATH_SEARCH_PATHS</key>
				<string>$(inherited) @executable_path/Frameworks</string>
				<key>PRODUCT_BUNDLE_IDENTIFIER</key>
				<string>com.greentrailsmaps.inapp</string>
				<key>PRODUCT_NAME</key>
				<string>$(TARGET_NAME)</string>
				<key>PROVISIONING_PROFILE</key>
				<string>07f89a86-3910-4939-9071-98a388aa9fd8</string>
			</dict>
			<key>isa</key>
			<string>XCBuildConfiguration</string>
			<key>name</key>
			<string>Debug</string>
		</dict>
		<key>040171981D15219A000D1153</key>
		<dict>
			<key>baseConfigurationReference</key>
			<string>6CFA0647E6CB801D631F6A2B</string>
			<key>buildSettings</key>
			<dict>
				<key>ASSETCATALOG_COMPILER_APPICON_NAME</key>
				<string>AppIcon</string>
				<key>CODE_SIGN_IDENTITY</key>
				<string>iPhone Distribution: Green Trails Inc. (5NCYZ8B6WG)</string>
				<key>INFOPLIST_FILE</key>
				<string>GTMMap/Info.plist</string>
				<key>LD_RUNPATH_SEARCH_PATHS</key>
				<string>$(inherited) @executable_path/Frameworks</string>
				<key>PRODUCT_BUNDLE_IDENTIFIER</key>
				<string>com.greentrailsmaps.inapp</string>
				<key>PRODUCT_NAME</key>
				<string>$(TARGET_NAME)</string>
				<key>PROVISIONING_PROFILE</key>
				<string>07f89a86-3910-4939-9071-98a388aa9fd8</string>
			</dict>
			<key>isa</key>
			<string>XCBuildConfiguration</string>
			<key>name</key>
			<string>Release</string>
		</dict>
		<key>040171991D15219A000D1153</key>
		<dict>
			<key>buildConfigurations</key>
			<array>
				<string>0401719A1D15219A000D1153</string>
				<string>0401719B1D15219A000D1153</string>
			</array>
			<key>defaultConfigurationIsVisible</key>
			<string>0</string>
			<key>defaultConfigurationName</key>
			<string>Release</string>
			<key>isa</key>
			<string>XCConfigurationList</string>
		</dict>
		<key>0401719A1D15219A000D1153</key>
		<dict>
			<key>buildSettings</key>
			<dict>
				<key>BUNDLE_LOADER</key>
				<string>$(TEST_HOST)</string>
				<key>INFOPLIST_FILE</key>
				<string>GTMMapTests/Info.plist</string>
				<key>LD_RUNPATH_SEARCH_PATHS</key>
				<string>$(inherited) @executable_path/Frameworks @loader_path/Frameworks</string>
				<key>PRODUCT_BUNDLE_IDENTIFIER</key>
				<string>com.mobcoder.MSME.GTMMapTests</string>
				<key>PRODUCT_NAME</key>
				<string>$(TARGET_NAME)</string>
				<key>TEST_HOST</key>
				<string>$(BUILT_PRODUCTS_DIR)/GTMMap.app/GTMMap</string>
			</dict>
			<key>isa</key>
			<string>XCBuildConfiguration</string>
			<key>name</key>
			<string>Debug</string>
		</dict>
		<key>0401719B1D15219A000D1153</key>
		<dict>
			<key>buildSettings</key>
			<dict>
				<key>BUNDLE_LOADER</key>
				<string>$(TEST_HOST)</string>
				<key>INFOPLIST_FILE</key>
				<string>GTMMapTests/Info.plist</string>
				<key>LD_RUNPATH_SEARCH_PATHS</key>
				<string>$(inherited) @executable_path/Frameworks @loader_path/Frameworks</string>
				<key>PRODUCT_BUNDLE_IDENTIFIER</key>
				<string>com.mobcoder.MSME.GTMMapTests</string>
				<key>PRODUCT_NAME</key>
				<string>$(TARGET_NAME)</string>
				<key>TEST_HOST</key>
				<string>$(BUILT_PRODUCTS_DIR)/GTMMap.app/GTMMap</string>
			</dict>
			<key>isa</key>
			<string>XCBuildConfiguration</string>
			<key>name</key>
			<string>Release</string>
		</dict>
		<key>0401719C1D15219A000D1153</key>
		<dict>
			<key>buildConfigurations</key>
			<array>
				<string>0401719D1D15219A000D1153</string>
				<string>0401719E1D15219A000D1153</string>
			</array>
			<key>defaultConfigurationIsVisible</key>
			<string>0</string>
			<key>defaultConfigurationName</key>
			<string>Release</string>
			<key>isa</key>
			<string>XCConfigurationList</string>
		</dict>
		<key>0401719D1D15219A000D1153</key>
		<dict>
			<key>buildSettings</key>
			<dict>
				<key>INFOPLIST_FILE</key>
				<string>GTMMapUITests/Info.plist</string>
				<key>LD_RUNPATH_SEARCH_PATHS</key>
				<string>$(inherited) @executable_path/Frameworks @loader_path/Frameworks</string>
				<key>PRODUCT_BUNDLE_IDENTIFIER</key>
				<string>com.mobcoder.MSME.GTMMapUITests</string>
				<key>PRODUCT_NAME</key>
				<string>$(TARGET_NAME)</string>
				<key>TEST_TARGET_NAME</key>
				<string>GTMMap</string>
			</dict>
			<key>isa</key>
			<string>XCBuildConfiguration</string>
			<key>name</key>
			<string>Debug</string>
		</dict>
		<key>0401719E1D15219A000D1153</key>
		<dict>
			<key>buildSettings</key>
			<dict>
				<key>INFOPLIST_FILE</key>
				<string>GTMMapUITests/Info.plist</string>
				<key>LD_RUNPATH_SEARCH_PATHS</key>
				<string>$(inherited) @executable_path/Frameworks @loader_path/Frameworks</string>
				<key>PRODUCT_BUNDLE_IDENTIFIER</key>
				<string>com.mobcoder.MSME.GTMMapUITests</string>
				<key>PRODUCT_NAME</key>
				<string>$(TARGET_NAME)</string>
				<key>TEST_TARGET_NAME</key>
				<string>GTMMap</string>
			</dict>
			<key>isa</key>
			<string>XCBuildConfiguration</string>
			<key>name</key>
			<string>Release</string>
		</dict>
		<key>042677E51D1E699F0035FA71</key>
		<dict>
			<key>children</key>
			<array>
				<string>042677E61D1E699F0035FA71</string>
				<string>042677E71D1E699F0035FA71</string>
			</array>
			<key>isa</key>
			<string>PBXGroup</string>
			<key>path</key>
			<string>Dowloading</string>
			<key>sourceTree</key>
			<string>&lt;group&gt;</string>
		</dict>
		<key>042677E61D1E699F0035FA71</key>
		<dict>
			<key>fileEncoding</key>
			<string>4</string>
			<key>isa</key>
			<string>PBXFileReference</string>
			<key>lastKnownFileType</key>
			<string>sourcecode.c.h</string>
			<key>path</key>
			<string>GTMDownloadingFile.h</string>
			<key>sourceTree</key>
			<string>&lt;group&gt;</string>
		</dict>
		<key>042677E71D1E699F0035FA71</key>
		<dict>
			<key>fileEncoding</key>
			<string>4</string>
			<key>isa</key>
			<string>PBXFileReference</string>
			<key>lastKnownFileType</key>
			<string>sourcecode.c.objc</string>
			<key>path</key>
			<string>GTMDownloadingFile.m</string>
			<key>sourceTree</key>
			<string>&lt;group&gt;</string>
		</dict>
		<key>042677EA1D1E699F0035FA71</key>
		<dict>
			<key>fileRef</key>
			<string>042677E71D1E699F0035FA71</string>
			<key>isa</key>
			<string>PBXBuildFile</string>
		</dict>
		<key>0485D9AC1D3576DE007B082D</key>
		<dict>
			<key>fileEncoding</key>
			<string>4</string>
			<key>isa</key>
			<string>PBXFileReference</string>
			<key>lastKnownFileType</key>
			<string>sourcecode.c.h</string>
			<key>path</key>
			<string>ChatViewController.h</string>
			<key>sourceTree</key>
			<string>&lt;group&gt;</string>
		</dict>
		<key>0485D9AD1D3576DE007B082D</key>
		<dict>
			<key>fileEncoding</key>
			<string>4</string>
			<key>isa</key>
			<string>PBXFileReference</string>
			<key>lastKnownFileType</key>
			<string>sourcecode.c.objc</string>
			<key>path</key>
			<string>ChatViewController.m</string>
			<key>sourceTree</key>
			<string>&lt;group&gt;</string>
		</dict>
		<key>0485D9AE1D3576DE007B082D</key>
		<dict>
			<key>fileRef</key>
			<string>0485D9AD1D3576DE007B082D</string>
			<key>isa</key>
			<string>PBXBuildFile</string>
		</dict>
		<key>04F8FA5F1D1526A200C16F30</key>
		<dict>
			<key>children</key>
			<array>
				<string>04F8FA971D15274C00C16F30</string>
				<string>04F8FA981D15274C00C16F30</string>
				<string>04F8FA9A1D15276000C16F30</string>
				<string>04F8FA9B1D15276000C16F30</string>
				<string>04F8FAA01D15425000C16F30</string>
				<string>04F8FAA11D15425000C16F30</string>
				<string>0485D9AC1D3576DE007B082D</string>
				<string>0485D9AD1D3576DE007B082D</string>
			</array>
			<key>isa</key>
			<string>PBXGroup</string>
			<key>path</key>
			<string>Controller</string>
			<key>sourceTree</key>
			<string>&lt;group&gt;</string>
		</dict>
		<key>04F8FA601D1526A200C16F30</key>
		<dict>
			<key>children</key>
			<array>
				<string>042677E51D1E699F0035FA71</string>
				<string>04F8FAB51D155CBE00C16F30</string>
				<string>04F8FA611D1526A300C16F30</string>
				<string>04F8FA641D1526A300C16F30</string>
				<string>04F8FA681D1526A300C16F30</string>
			</array>
			<key>isa</key>
			<string>PBXGroup</string>
			<key>path</key>
			<string>Helper</string>
			<key>sourceTree</key>
			<string>&lt;group&gt;</string>
		</dict>
		<key>04F8FA611D1526A300C16F30</key>
		<dict>
			<key>children</key>
			<array>
				<string>04F8FA621D1526A300C16F30</string>
				<string>04F8FA631D1526A300C16F30</string>
			</array>
			<key>isa</key>
			<string>PBXGroup</string>
			<key>path</key>
			<string>CoreDataManager</string>
			<key>sourceTree</key>
			<string>&lt;group&gt;</string>
		</dict>
		<key>04F8FA621D1526A300C16F30</key>
		<dict>
			<key>fileEncoding</key>
			<string>4</string>
			<key>isa</key>
			<string>PBXFileReference</string>
			<key>lastKnownFileType</key>
			<string>sourcecode.c.h</string>
			<key>path</key>
			<string>CoreDataManager.h</string>
			<key>sourceTree</key>
			<string>&lt;group&gt;</string>
		</dict>
		<key>04F8FA631D1526A300C16F30</key>
		<dict>
			<key>fileEncoding</key>
			<string>4</string>
			<key>isa</key>
			<string>PBXFileReference</string>
			<key>lastKnownFileType</key>
			<string>sourcecode.c.objc</string>
			<key>path</key>
			<string>CoreDataManager.m</string>
			<key>sourceTree</key>
			<string>&lt;group&gt;</string>
		</dict>
		<key>04F8FA641D1526A300C16F30</key>
		<dict>
			<key>children</key>
			<array>
				<string>04F8FA651D1526A300C16F30</string>
				<string>04F8FA661D1526A300C16F30</string>
				<string>04F8FA671D1526A300C16F30</string>
			</array>
			<key>isa</key>
			<string>PBXGroup</string>
			<key>path</key>
			<string>MKStoreKit</string>
			<key>sourceTree</key>
			<string>&lt;group&gt;</string>
		</dict>
		<key>04F8FA651D1526A300C16F30</key>
		<dict>
			<key>fileEncoding</key>
			<string>4</string>
			<key>isa</key>
			<string>PBXFileReference</string>
			<key>lastKnownFileType</key>
			<string>sourcecode.c.h</string>
			<key>path</key>
			<string>MKStoreKit.h</string>
			<key>sourceTree</key>
			<string>&lt;group&gt;</string>
		</dict>
		<key>04F8FA661D1526A300C16F30</key>
		<dict>
			<key>fileEncoding</key>
			<string>4</string>
			<key>isa</key>
			<string>PBXFileReference</string>
			<key>lastKnownFileType</key>
			<string>sourcecode.c.objc</string>
			<key>path</key>
			<string>MKStoreKit.m</string>
			<key>sourceTree</key>
			<string>&lt;group&gt;</string>
		</dict>
		<key>04F8FA671D1526A300C16F30</key>
		<dict>
			<key>fileEncoding</key>
			<string>4</string>
			<key>isa</key>
			<string>PBXFileReference</string>
			<key>lastKnownFileType</key>
			<string>text.plist.xml</string>
			<key>path</key>
			<string>MKStoreKitConfigs.plist</string>
			<key>sourceTree</key>
			<string>&lt;group&gt;</string>
		</dict>
		<key>04F8FA681D1526A300C16F30</key>
		<dict>
			<key>children</key>
			<array>
				<string>04F8FA691D1526A300C16F30</string>
			</array>
			<key>isa</key>
			<string>PBXGroup</string>
			<key>path</key>
			<string>NetManager</string>
			<key>sourceTree</key>
			<string>&lt;group&gt;</string>
		</dict>
		<key>04F8FA691D1526A300C16F30</key>
		<dict>
			<key>children</key>
			<array>
				<string>04F8FAB11D154B6D00C16F30</string>
				<string>04F8FAB21D154B6D00C16F30</string>
				<string>04F8FAB31D154B6D00C16F30</string>
			</array>
			<key>isa</key>
			<string>PBXGroup</string>
			<key>path</key>
			<string>AFNetworkManager</string>
			<key>sourceTree</key>
			<string>&lt;group&gt;</string>
		</dict>
		<key>04F8FA841D1526A300C16F30</key>
		<dict>
			<key>children</key>
			<array>
				<string>040171751D15219A000D1153</string>
				<string>04F8FA9D1D15423700C16F30</string>
				<string>04F8FA9E1D15423700C16F30</string>
				<string>04F8FAA31D15451000C16F30</string>
				<string>04F8FAA41D15451000C16F30</string>
				<string>04F8FAA51D15451000C16F30</string>
				<string>04F8FAA61D15451000C16F30</string>
			</array>
			<key>isa</key>
			<string>PBXGroup</string>
			<key>path</key>
			<string>Model</string>
			<key>sourceTree</key>
			<string>&lt;group&gt;</string>
		</dict>
		<key>04F8FA851D1526A300C16F30</key>
		<dict>
			<key>children</key>
			<array>
				<string>04F8FAAC1D15492A00C16F30</string>
				<string>04F8FAAD1D15492A00C16F30</string>
				<string>04F8FAAE1D15492A00C16F30</string>
			</array>
			<key>isa</key>
			<string>PBXGroup</string>
			<key>path</key>
			<string>View</string>
			<key>sourceTree</key>
			<string>&lt;group&gt;</string>
		</dict>
		<key>04F8FA861D1526A300C16F30</key>
		<dict>
			<key>fileRef</key>
			<string>04F8FA631D1526A300C16F30</string>
			<key>isa</key>
			<string>PBXBuildFile</string>
		</dict>
		<key>04F8FA871D1526A300C16F30</key>
		<dict>
			<key>fileRef</key>
			<string>04F8FA661D1526A300C16F30</string>
			<key>isa</key>
			<string>PBXBuildFile</string>
		</dict>
		<key>04F8FA881D1526A300C16F30</key>
		<dict>
			<key>fileRef</key>
			<string>04F8FA671D1526A300C16F30</string>
			<key>isa</key>
			<string>PBXBuildFile</string>
		</dict>
		<key>04F8FA941D1526E400C16F30</key>
		<dict>
			<key>fileEncoding</key>
			<string>4</string>
			<key>isa</key>
			<string>PBXFileReference</string>
			<key>lastKnownFileType</key>
			<string>sourcecode.c.h</string>
			<key>path</key>
			<string>BaseViewC.h</string>
			<key>sourceTree</key>
			<string>&lt;group&gt;</string>
		</dict>
		<key>04F8FA951D1526E400C16F30</key>
		<dict>
			<key>fileEncoding</key>
			<string>4</string>
			<key>isa</key>
			<string>PBXFileReference</string>
			<key>lastKnownFileType</key>
			<string>sourcecode.c.objc</string>
			<key>path</key>
			<string>BaseViewC.m</string>
			<key>sourceTree</key>
			<string>&lt;group&gt;</string>
		</dict>
		<key>04F8FA961D1526E400C16F30</key>
		<dict>
			<key>fileRef</key>
			<string>04F8FA951D1526E400C16F30</string>
			<key>isa</key>
			<string>PBXBuildFile</string>
		</dict>
		<key>04F8FA971D15274C00C16F30</key>
		<dict>
			<key>fileEncoding</key>
			<string>4</string>
			<key>isa</key>
			<string>PBXFileReference</string>
			<key>lastKnownFileType</key>
			<string>sourcecode.c.h</string>
			<key>path</key>
			<string>MapListViewC.h</string>
			<key>sourceTree</key>
			<string>&lt;group&gt;</string>
		</dict>
		<key>04F8FA981D15274C00C16F30</key>
		<dict>
			<key>fileEncoding</key>
			<string>4</string>
			<key>isa</key>
			<string>PBXFileReference</string>
			<key>lastKnownFileType</key>
			<string>sourcecode.c.objc</string>
			<key>path</key>
			<string>MapListViewC.m</string>
			<key>sourceTree</key>
			<string>&lt;group&gt;</string>
		</dict>
		<key>04F8FA991D15274C00C16F30</key>
		<dict>
			<key>fileRef</key>
			<string>04F8FA981D15274C00C16F30</string>
			<key>isa</key>
			<string>PBXBuildFile</string>
		</dict>
		<key>04F8FA9A1D15276000C16F30</key>
		<dict>
			<key>fileEncoding</key>
			<string>4</string>
			<key>isa</key>
			<string>PBXFileReference</string>
			<key>lastKnownFileType</key>
			<string>sourcecode.c.h</string>
			<key>path</key>
			<string>IndexListViewC.h</string>
			<key>sourceTree</key>
			<string>&lt;group&gt;</string>
		</dict>
		<key>04F8FA9B1D15276000C16F30</key>
		<dict>
			<key>fileEncoding</key>
			<string>4</string>
			<key>isa</key>
			<string>PBXFileReference</string>
			<key>lastKnownFileType</key>
			<string>sourcecode.c.objc</string>
			<key>path</key>
			<string>IndexListViewC.m</string>
			<key>sourceTree</key>
			<string>&lt;group&gt;</string>
		</dict>
		<key>04F8FA9C1D15276000C16F30</key>
		<dict>
			<key>fileRef</key>
			<string>04F8FA9B1D15276000C16F30</string>
			<key>isa</key>
			<string>PBXBuildFile</string>
		</dict>
		<key>04F8FA9D1D15423700C16F30</key>
		<dict>
			<key>fileEncoding</key>
			<string>4</string>
			<key>isa</key>
			<string>PBXFileReference</string>
			<key>lastKnownFileType</key>
			<string>sourcecode.c.h</string>
			<key>path</key>
			<string>MapModel.h</string>
			<key>sourceTree</key>
			<string>&lt;group&gt;</string>
		</dict>
		<key>04F8FA9E1D15423700C16F30</key>
		<dict>
			<key>fileEncoding</key>
			<string>4</string>
			<key>isa</key>
			<string>PBXFileReference</string>
			<key>lastKnownFileType</key>
			<string>sourcecode.c.objc</string>
			<key>path</key>
			<string>MapModel.m</string>
			<key>sourceTree</key>
			<string>&lt;group&gt;</string>
		</dict>
		<key>04F8FA9F1D15423700C16F30</key>
		<dict>
			<key>fileRef</key>
			<string>04F8FA9E1D15423700C16F30</string>
			<key>isa</key>
			<string>PBXBuildFile</string>
		</dict>
		<key>04F8FAA01D15425000C16F30</key>
		<dict>
			<key>fileEncoding</key>
			<string>4</string>
			<key>isa</key>
			<string>PBXFileReference</string>
			<key>lastKnownFileType</key>
			<string>sourcecode.c.h</string>
			<key>path</key>
			<string>MapShareClass.h</string>
			<key>sourceTree</key>
			<string>&lt;group&gt;</string>
		</dict>
		<key>04F8FAA11D15425000C16F30</key>
		<dict>
			<key>fileEncoding</key>
			<string>4</string>
			<key>isa</key>
			<string>PBXFileReference</string>
			<key>lastKnownFileType</key>
			<string>sourcecode.c.objc</string>
			<key>path</key>
			<string>MapShareClass.m</string>
			<key>sourceTree</key>
			<string>&lt;group&gt;</string>
		</dict>
		<key>04F8FAA21D15425000C16F30</key>
		<dict>
			<key>fileRef</key>
			<string>04F8FAA11D15425000C16F30</string>
			<key>isa</key>
			<string>PBXBuildFile</string>
		</dict>
		<key>04F8FAA31D15451000C16F30</key>
		<dict>
			<key>fileEncoding</key>
			<string>4</string>
			<key>isa</key>
			<string>PBXFileReference</string>
			<key>lastKnownFileType</key>
			<string>sourcecode.c.h</string>
			<key>path</key>
			<string>Map+CoreDataProperties.h</string>
			<key>sourceTree</key>
			<string>&lt;group&gt;</string>
		</dict>
		<key>04F8FAA41D15451000C16F30</key>
		<dict>
			<key>fileEncoding</key>
			<string>4</string>
			<key>isa</key>
			<string>PBXFileReference</string>
			<key>lastKnownFileType</key>
			<string>sourcecode.c.objc</string>
			<key>path</key>
			<string>Map+CoreDataProperties.m</string>
			<key>sourceTree</key>
			<string>&lt;group&gt;</string>
		</dict>
		<key>04F8FAA51D15451000C16F30</key>
		<dict>
			<key>fileEncoding</key>
			<string>4</string>
			<key>isa</key>
			<string>PBXFileReference</string>
			<key>lastKnownFileType</key>
			<string>sourcecode.c.h</string>
			<key>path</key>
			<string>Map.h</string>
			<key>sourceTree</key>
			<string>&lt;group&gt;</string>
		</dict>
		<key>04F8FAA61D15451000C16F30</key>
		<dict>
			<key>fileEncoding</key>
			<string>4</string>
			<key>isa</key>
			<string>PBXFileReference</string>
			<key>lastKnownFileType</key>
			<string>sourcecode.c.objc</string>
			<key>path</key>
			<string>Map.m</string>
			<key>sourceTree</key>
			<string>&lt;group&gt;</string>
		</dict>
		<key>04F8FAA71D15451000C16F30</key>
		<dict>
			<key>fileRef</key>
			<string>04F8FAA41D15451000C16F30</string>
			<key>isa</key>
			<string>PBXBuildFile</string>
		</dict>
		<key>04F8FAA81D15451000C16F30</key>
		<dict>
			<key>fileRef</key>
			<string>04F8FAA61D15451000C16F30</string>
			<key>isa</key>
			<string>PBXBuildFile</string>
		</dict>
		<key>04F8FAAC1D15492A00C16F30</key>
		<dict>
			<key>fileEncoding</key>
			<string>4</string>
			<key>isa</key>
			<string>PBXFileReference</string>
			<key>lastKnownFileType</key>
			<string>sourcecode.c.h</string>
			<key>path</key>
			<string>MapTableViewCell.h</string>
			<key>sourceTree</key>
			<string>&lt;group&gt;</string>
		</dict>
		<key>04F8FAAD1D15492A00C16F30</key>
		<dict>
			<key>fileEncoding</key>
			<string>4</string>
			<key>isa</key>
			<string>PBXFileReference</string>
			<key>lastKnownFileType</key>
			<string>sourcecode.c.objc</string>
			<key>path</key>
			<string>MapTableViewCell.m</string>
			<key>sourceTree</key>
			<string>&lt;group&gt;</string>
		</dict>
		<key>04F8FAAE1D15492A00C16F30</key>
		<dict>
			<key>fileEncoding</key>
			<string>4</string>
			<key>isa</key>
			<string>PBXFileReference</string>
			<key>lastKnownFileType</key>
			<string>file.xib</string>
			<key>path</key>
			<string>MapTableViewCell.xib</string>
			<key>sourceTree</key>
			<string>&lt;group&gt;</string>
		</dict>
		<key>04F8FAAF1D15492A00C16F30</key>
		<dict>
			<key>fileRef</key>
			<string>04F8FAAD1D15492A00C16F30</string>
			<key>isa</key>
			<string>PBXBuildFile</string>
		</dict>
		<key>04F8FAB01D15492A00C16F30</key>
		<dict>
			<key>fileRef</key>
			<string>04F8FAAE1D15492A00C16F30</string>
			<key>isa</key>
			<string>PBXBuildFile</string>
		</dict>
		<key>04F8FAB11D154B6D00C16F30</key>
		<dict>
			<key>fileEncoding</key>
			<string>4</string>
			<key>isa</key>
			<string>PBXFileReference</string>
			<key>lastKnownFileType</key>
			<string>sourcecode.c.h</string>
			<key>path</key>
			<string>NetworkManager.h</string>
			<key>sourceTree</key>
			<string>&lt;group&gt;</string>
		</dict>
		<key>04F8FAB21D154B6D00C16F30</key>
		<dict>
			<key>fileEncoding</key>
			<string>4</string>
			<key>isa</key>
			<string>PBXFileReference</string>
			<key>lastKnownFileType</key>
			<string>sourcecode.c.objc</string>
			<key>path</key>
			<string>NetworkManager.m</string>
			<key>sourceTree</key>
			<string>&lt;group&gt;</string>
		</dict>
		<key>04F8FAB31D154B6D00C16F30</key>
		<dict>
			<key>fileEncoding</key>
			<string>4</string>
			<key>isa</key>
			<string>PBXFileReference</string>
			<key>lastKnownFileType</key>
			<string>sourcecode.c.h</string>
			<key>path</key>
			<string>NetworkURLs.h</string>
			<key>sourceTree</key>
			<string>&lt;group&gt;</string>
		</dict>
		<key>04F8FAB41D154B6D00C16F30</key>
		<dict>
			<key>fileRef</key>
			<string>04F8FAB21D154B6D00C16F30</string>
			<key>isa</key>
			<string>PBXBuildFile</string>
		</dict>
		<key>04F8FAB51D155CBE00C16F30</key>
		<dict>
			<key>children</key>
			<array>
				<string>04F8FAB61D155CBE00C16F30</string>
				<string>04F8FAB71D155CBE00C16F30</string>
				<string>04F8FABA1D155CBE00C16F30</string>
				<string>04F8FABB1D155CBE00C16F30</string>
				<string>04F8FABC1D155CBE00C16F30</string>
				<string>04F8FABD1D155CBE00C16F30</string>
			</array>
			<key>isa</key>
			<string>PBXGroup</string>
			<key>path</key>
			<string>FMDB Helper</string>
			<key>sourceTree</key>
			<string>&lt;group&gt;</string>
		</dict>
		<key>04F8FAB61D155CBE00C16F30</key>
		<dict>
			<key>fileEncoding</key>
			<string>4</string>
			<key>isa</key>
			<string>PBXFileReference</string>
			<key>lastKnownFileType</key>
			<string>sourcecode.c.h</string>
			<key>path</key>
			<string>FMWrapperClass.h</string>
			<key>sourceTree</key>
			<string>&lt;group&gt;</string>
		</dict>
		<key>04F8FAB71D155CBE00C16F30</key>
		<dict>
			<key>fileEncoding</key>
			<string>4</string>
			<key>isa</key>
			<string>PBXFileReference</string>
			<key>lastKnownFileType</key>
			<string>sourcecode.c.objc</string>
			<key>path</key>
			<string>FMWrapperClass.m</string>
			<key>sourceTree</key>
			<string>&lt;group&gt;</string>
		</dict>
		<key>04F8FABA1D155CBE00C16F30</key>
		<dict>
			<key>fileEncoding</key>
			<string>4</string>
			<key>isa</key>
			<string>PBXFileReference</string>
			<key>lastKnownFileType</key>
			<string>sourcecode.c.c</string>
			<key>path</key>
			<string>RMFoundation.c</string>
			<key>sourceTree</key>
			<string>&lt;group&gt;</string>
		</dict>
		<key>04F8FABB1D155CBE00C16F30</key>
		<dict>
			<key>fileEncoding</key>
			<string>4</string>
			<key>isa</key>
			<string>PBXFileReference</string>
			<key>lastKnownFileType</key>
			<string>sourcecode.c.h</string>
			<key>path</key>
			<string>RMFoundation.h</string>
			<key>sourceTree</key>
			<string>&lt;group&gt;</string>
		</dict>
		<key>04F8FABC1D155CBE00C16F30</key>
		<dict>
			<key>fileEncoding</key>
			<string>4</string>
			<key>isa</key>
			<string>PBXFileReference</string>
			<key>lastKnownFileType</key>
			<string>sourcecode.c.c</string>
			<key>path</key>
			<string>RMTile.c</string>
			<key>sourceTree</key>
			<string>&lt;group&gt;</string>
		</dict>
		<key>04F8FABD1D155CBE00C16F30</key>
		<dict>
			<key>fileEncoding</key>
			<string>4</string>
			<key>isa</key>
			<string>PBXFileReference</string>
			<key>lastKnownFileType</key>
			<string>sourcecode.c.h</string>
			<key>path</key>
			<string>RMTile.h</string>
			<key>sourceTree</key>
			<string>&lt;group&gt;</string>
		</dict>
		<key>04F8FABE1D155CBE00C16F30</key>
		<dict>
			<key>fileRef</key>
			<string>04F8FAB71D155CBE00C16F30</string>
			<key>isa</key>
			<string>PBXBuildFile</string>
		</dict>
		<key>04F8FAC01D155CBE00C16F30</key>
		<dict>
			<key>fileRef</key>
			<string>04F8FABA1D155CBE00C16F30</string>
			<key>isa</key>
			<string>PBXBuildFile</string>
		</dict>
		<key>04F8FAC11D155CBE00C16F30</key>
		<dict>
			<key>fileRef</key>
			<string>04F8FABC1D155CBE00C16F30</string>
			<key>isa</key>
			<string>PBXBuildFile</string>
		</dict>
		<key>27D2E5D0E13C95BCFEBB7197</key>
		<dict>
			<key>fileRef</key>
			<string>80BB16DCA967B821F778E831</string>
			<key>isa</key>
			<string>PBXBuildFile</string>
		</dict>
		<key>63F08194B730FE0ECF6ABC22</key>
		<dict>
			<key>buildActionMask</key>
			<string>2147483647</string>
			<key>files</key>
			<array/>
			<key>inputPaths</key>
			<array/>
			<key>isa</key>
			<string>PBXShellScriptBuildPhase</string>
			<key>name</key>
			<string>Embed Pods Frameworks</string>
			<key>outputPaths</key>
			<array/>
			<key>runOnlyForDeploymentPostprocessing</key>
			<string>0</string>
			<key>shellPath</key>
			<string>/bin/sh</string>
			<key>shellScript</key>
			<string>"${SRCROOT}/Pods/Target Support Files/Pods-GTMMap/Pods-GTMMap-frameworks.sh"
</string>
			<key>showEnvVarsInLog</key>
			<string>0</string>
		</dict>
		<key>6CFA0647E6CB801D631F6A2B</key>
		<dict>
			<key>includeInIndex</key>
			<string>1</string>
			<key>isa</key>
			<string>PBXFileReference</string>
			<key>lastKnownFileType</key>
			<string>text.xcconfig</string>
			<key>name</key>
			<string>Pods-GTMMap.release.xcconfig</string>
			<key>path</key>
			<string>Pods/Target Support Files/Pods-GTMMap/Pods-GTMMap.release.xcconfig</string>
			<key>sourceTree</key>
			<string>&lt;group&gt;</string>
		</dict>
		<key>80BB16DCA967B821F778E831</key>
		<dict>
			<key>explicitFileType</key>
			<string>wrapper.framework</string>
			<key>includeInIndex</key>
			<string>0</string>
			<key>isa</key>
			<string>PBXFileReference</string>
			<key>path</key>
			<string>Pods_GTMMap.framework</string>
			<key>sourceTree</key>
			<string>BUILT_PRODUCTS_DIR</string>
		</dict>
		<key>9D9457E8BCE80E7038E2999A</key>
		<dict>
			<key>children</key>
			<array>
				<string>80BB16DCA967B821F778E831</string>
			</array>
			<key>isa</key>
			<string>PBXGroup</string>
			<key>name</key>
			<string>Frameworks</string>
			<key>sourceTree</key>
			<string>&lt;group&gt;</string>
		</dict>
		<key>B55E8EF6F783F9E8928E3E47</key>
		<dict>
			<key>buildActionMask</key>
			<string>2147483647</string>
			<key>files</key>
			<array/>
			<key>inputPaths</key>
			<array/>
			<key>isa</key>
			<string>PBXShellScriptBuildPhase</string>
			<key>name</key>
			<string>Check Pods Manifest.lock</string>
			<key>outputPaths</key>
			<array/>
			<key>runOnlyForDeploymentPostprocessing</key>
			<string>0</string>
			<key>shellPath</key>
			<string>/bin/sh</string>
			<key>shellScript</key>
			<string>diff "${PODS_ROOT}/../Podfile.lock" "${PODS_ROOT}/Manifest.lock" &gt; /dev/null
if [[ $? != 0 ]] ; then
    cat &lt;&lt; EOM
error: The sandbox is not in sync with the Podfile.lock. Run 'pod install' or update your CocoaPods installation.
EOM
    exit 1
fi
</string>
			<key>showEnvVarsInLog</key>
			<string>0</string>
		</dict>
		<key>B7DC69211856254E1F9A92BC</key>
		<dict>
			<key>buildActionMask</key>
			<string>2147483647</string>
			<key>files</key>
			<array/>
			<key>inputPaths</key>
			<array/>
			<key>isa</key>
			<string>PBXShellScriptBuildPhase</string>
			<key>name</key>
			<string>Copy Pods Resources</string>
			<key>outputPaths</key>
			<array/>
			<key>runOnlyForDeploymentPostprocessing</key>
			<string>0</string>
			<key>shellPath</key>
			<string>/bin/sh</string>
			<key>shellScript</key>
			<string>"${SRCROOT}/Pods/Target Support Files/Pods-GTMMap/Pods-GTMMap-resources.sh"
</string>
			<key>showEnvVarsInLog</key>
			<string>0</string>
		</dict>
		<key>B7FD28E9B2C4CD45E35AEA49</key>
		<dict>
			<key>children</key>
			<array>
				<string>DFC98A05683856F7324E9030</string>
				<string>6CFA0647E6CB801D631F6A2B</string>
			</array>
			<key>isa</key>
			<string>PBXGroup</string>
			<key>name</key>
			<string>Pods</string>
			<key>sourceTree</key>
			<string>&lt;group&gt;</string>
		</dict>
		<key>DFC98A05683856F7324E9030</key>
		<dict>
			<key>includeInIndex</key>
			<string>1</string>
			<key>isa</key>
			<string>PBXFileReference</string>
			<key>lastKnownFileType</key>
			<string>text.xcconfig</string>
			<key>name</key>
			<string>Pods-GTMMap.debug.xcconfig</string>
			<key>path</key>
			<string>Pods/Target Support Files/Pods-GTMMap/Pods-GTMMap.debug.xcconfig</string>
			<key>sourceTree</key>
			<string>&lt;group&gt;</string>
		</dict>
	</dict>
	<key>rootObject</key>
	<string>0401715E1D15219A000D1153</string>
</dict>
</plist>
